
Microsoft Visual Studio Solution File, Format Version 12.00
# Visual Studio 15
VisualStudioVersion = 15.0.28307.168
MinimumVisualStudioVersion = 10.0.40219.1
Project("{FAE04EC0-301F-11D3-BF4B-00C04F79EFBC}") = "SBD.GL.Module", "SBD.GL.Module\SBD.GL.Module.csproj", "{5F15837D-D1E5-44DC-92F0-4F2EBE9C3F8D}"
EndProject
Project("{FAE04EC0-301F-11D3-BF4B-00C04F79EFBC}") = "SBD.GL.Module.Win", "SBD.GL.Module.Win\SBD.GL.Module.Win.csproj", "{7964F87D-BC5D-4C4E-8B2F-71E89739AA97}"
EndProject
Project("{FAE04EC0-301F-11D3-BF4B-00C04F79EFBC}") = "SBD.GL.Win", "SBD.GL.Win\SBD.GL.Win.csproj", "{D05D93DF-312D-4D4E-B980-726871EC7833}"
EndProject
Project("{FAE04EC0-301F-11D3-BF4B-00C04F79EFBC}") = "SBD.GL.Module.Tests", "UnitTestProject1\SBD.GL.Module.Tests.csproj", "{FF35125F-29E7-4BA5-9F85-4CA57E17B794}"
EndProject
Project("{FAE04EC0-301F-11D3-BF4B-00C04F79EFBC}") = "SBD.GL.Win10", "SBD.GL.Win10\SBD.GL.Win10.csproj", "{F3CA07F8-CDC4-4C4D-93DA-E20A8E4F775C}"
EndProject
Project("{2150E333-8FDC-42A3-9474-1A3956D46DE8}") = "Scissors", "Scissors", "{578CEBF9-9086-4674-BBE5-DB39C5300C6F}"
EndProject
Project("{9A19103F-16F7-4668-BE54-9A1E7A4F7556}") = "Scissors.Xaf.CacheWarmup.Attributes", "Scissors\Scissors.Xaf.CacheWarmup.Attributes\Scissors.Xaf.CacheWarmup.Attributes.csproj", "{54583451-483C-4FB5-8322-4C5573BE283C}"
EndProject
Project("{9A19103F-16F7-4668-BE54-9A1E7A4F7556}") = "Scissors.Xaf.CacheWarmup.Generators", "Scissors\Scissors.Xaf.CacheWarmup.Generators\Scissors.Xaf.CacheWarmup.Generators.csproj", "{EC27CC05-0E8E-46CA-9CE8-CD1B307D155B}"
EndProject
Project("{9A19103F-16F7-4668-BE54-9A1E7A4F7556}") = "Scissors.Xaf.CacheWarmup.Generators.MsBuild", "Scissors\Scissors.Xaf.CacheWarmup.Generators.MsBuild\Scissors.Xaf.CacheWarmup.Generators.MsBuild.csproj", "{308399C7-A6B8-4F10-BCB8-9F1BFA92A96D}"
EndProject
Project("{9A19103F-16F7-4668-BE54-9A1E7A4F7556}") = "Scissors.Xaf.CacheWarmup.Generators.Cli", "Scissors\Scissors.Xaf.CacheWarmup.Generators.Cli\Scissors.Xaf.CacheWarmup.Generators.Cli.csproj", "{8077DED7-38FD-4130-9885-53BCE86A7570}"
EndProject
Project("{C7167F0D-BC9F-4E6E-AFE1-012C56B48DB5}") = "SBD.GL.Package", "SBD.GL.Package\SBD.GL.Package.wapproj", "{29F42D21-0571-4325-9741-2526C1EE1DB8}"
EndProject
Global
	GlobalSection(SolutionConfigurationPlatforms) = preSolution
		Debug|Any CPU = Debug|Any CPU
		Debug|x64 = Debug|x64
		Debug|x86 = Debug|x86
		EasyTest|Any CPU = EasyTest|Any CPU
		EasyTest|x64 = EasyTest|x64
		EasyTest|x86 = EasyTest|x86
		Release|Any CPU = Release|Any CPU
		Release|x64 = Release|x64
		Release|x86 = Release|x86
	EndGlobalSection
	GlobalSection(ProjectConfigurationPlatforms) = postSolution
		{5F15837D-D1E5-44DC-92F0-4F2EBE9C3F8D}.Debug|Any CPU.ActiveCfg = Debug|Any CPU
		{5F15837D-D1E5-44DC-92F0-4F2EBE9C3F8D}.Debug|Any CPU.Build.0 = Debug|Any CPU
		{5F15837D-D1E5-44DC-92F0-4F2EBE9C3F8D}.Debug|x64.ActiveCfg = Debug|x64
		{5F15837D-D1E5-44DC-92F0-4F2EBE9C3F8D}.Debug|x64.Build.0 = Debug|x64
		{5F15837D-D1E5-44DC-92F0-4F2EBE9C3F8D}.Debug|x86.ActiveCfg = Debug|Any CPU
		{5F15837D-D1E5-44DC-92F0-4F2EBE9C3F8D}.Debug|x86.Build.0 = Debug|Any CPU
		{5F15837D-D1E5-44DC-92F0-4F2EBE9C3F8D}.EasyTest|Any CPU.ActiveCfg = EasyTest|Any CPU
		{5F15837D-D1E5-44DC-92F0-4F2EBE9C3F8D}.EasyTest|Any CPU.Build.0 = EasyTest|Any CPU
		{5F15837D-D1E5-44DC-92F0-4F2EBE9C3F8D}.EasyTest|x64.ActiveCfg = EasyTest|Any CPU
		{5F15837D-D1E5-44DC-92F0-4F2EBE9C3F8D}.EasyTest|x64.Build.0 = EasyTest|Any CPU
		{5F15837D-D1E5-44DC-92F0-4F2EBE9C3F8D}.EasyTest|x86.ActiveCfg = EasyTest|Any CPU
		{5F15837D-D1E5-44DC-92F0-4F2EBE9C3F8D}.EasyTest|x86.Build.0 = EasyTest|Any CPU
		{5F15837D-D1E5-44DC-92F0-4F2EBE9C3F8D}.Release|Any CPU.ActiveCfg = Release|Any CPU
		{5F15837D-D1E5-44DC-92F0-4F2EBE9C3F8D}.Release|Any CPU.Build.0 = Release|Any CPU
		{5F15837D-D1E5-44DC-92F0-4F2EBE9C3F8D}.Release|x64.ActiveCfg = Release|x64
		{5F15837D-D1E5-44DC-92F0-4F2EBE9C3F8D}.Release|x64.Build.0 = Release|x64
		{5F15837D-D1E5-44DC-92F0-4F2EBE9C3F8D}.Release|x86.ActiveCfg = Release|Any CPU
		{5F15837D-D1E5-44DC-92F0-4F2EBE9C3F8D}.Release|x86.Build.0 = Release|Any CPU
		{7964F87D-BC5D-4C4E-8B2F-71E89739AA97}.Debug|Any CPU.ActiveCfg = Debug|Any CPU
		{7964F87D-BC5D-4C4E-8B2F-71E89739AA97}.Debug|Any CPU.Build.0 = Debug|Any CPU
		{7964F87D-BC5D-4C4E-8B2F-71E89739AA97}.Debug|x64.ActiveCfg = Debug|x64
		{7964F87D-BC5D-4C4E-8B2F-71E89739AA97}.Debug|x64.Build.0 = Debug|x64
		{7964F87D-BC5D-4C4E-8B2F-71E89739AA97}.Debug|x86.ActiveCfg = Debug|Any CPU
		{7964F87D-BC5D-4C4E-8B2F-71E89739AA97}.Debug|x86.Build.0 = Debug|Any CPU
		{7964F87D-BC5D-4C4E-8B2F-71E89739AA97}.EasyTest|Any CPU.ActiveCfg = EasyTest|Any CPU
		{7964F87D-BC5D-4C4E-8B2F-71E89739AA97}.EasyTest|Any CPU.Build.0 = EasyTest|Any CPU
		{7964F87D-BC5D-4C4E-8B2F-71E89739AA97}.EasyTest|x64.ActiveCfg = EasyTest|Any CPU
		{7964F87D-BC5D-4C4E-8B2F-71E89739AA97}.EasyTest|x64.Build.0 = EasyTest|Any CPU
		{7964F87D-BC5D-4C4E-8B2F-71E89739AA97}.EasyTest|x86.ActiveCfg = EasyTest|Any CPU
		{7964F87D-BC5D-4C4E-8B2F-71E89739AA97}.EasyTest|x86.Build.0 = EasyTest|Any CPU
		{7964F87D-BC5D-4C4E-8B2F-71E89739AA97}.Release|Any CPU.ActiveCfg = Release|Any CPU
		{7964F87D-BC5D-4C4E-8B2F-71E89739AA97}.Release|Any CPU.Build.0 = Release|Any CPU
		{7964F87D-BC5D-4C4E-8B2F-71E89739AA97}.Release|x64.ActiveCfg = Release|x64
		{7964F87D-BC5D-4C4E-8B2F-71E89739AA97}.Release|x64.Build.0 = Release|x64
		{7964F87D-BC5D-4C4E-8B2F-71E89739AA97}.Release|x86.ActiveCfg = Release|Any CPU
		{7964F87D-BC5D-4C4E-8B2F-71E89739AA97}.Release|x86.Build.0 = Release|Any CPU
		{D05D93DF-312D-4D4E-B980-726871EC7833}.Debug|Any CPU.ActiveCfg = Debug|Any CPU
		{D05D93DF-312D-4D4E-B980-726871EC7833}.Debug|Any CPU.Build.0 = Debug|Any CPU
		{D05D93DF-312D-4D4E-B980-726871EC7833}.Debug|x64.ActiveCfg = Debug|x64
		{D05D93DF-312D-4D4E-B980-726871EC7833}.Debug|x64.Build.0 = Debug|x64
		{D05D93DF-312D-4D4E-B980-726871EC7833}.Debug|x86.ActiveCfg = Debug|Any CPU
		{D05D93DF-312D-4D4E-B980-726871EC7833}.Debug|x86.Build.0 = Debug|Any CPU
		{D05D93DF-312D-4D4E-B980-726871EC7833}.EasyTest|Any CPU.ActiveCfg = EasyTest|Any CPU
		{D05D93DF-312D-4D4E-B980-726871EC7833}.EasyTest|Any CPU.Build.0 = EasyTest|Any CPU
		{D05D93DF-312D-4D4E-B980-726871EC7833}.EasyTest|x64.ActiveCfg = EasyTest|Any CPU
		{D05D93DF-312D-4D4E-B980-726871EC7833}.EasyTest|x64.Build.0 = EasyTest|Any CPU
		{D05D93DF-312D-4D4E-B980-726871EC7833}.EasyTest|x86.ActiveCfg = EasyTest|Any CPU
		{D05D93DF-312D-4D4E-B980-726871EC7833}.EasyTest|x86.Build.0 = EasyTest|Any CPU
		{D05D93DF-312D-4D4E-B980-726871EC7833}.Release|Any CPU.ActiveCfg = Release|Any CPU
		{D05D93DF-312D-4D4E-B980-726871EC7833}.Release|Any CPU.Build.0 = Release|Any CPU
		{D05D93DF-312D-4D4E-B980-726871EC7833}.Release|x64.ActiveCfg = Release|x64
		{D05D93DF-312D-4D4E-B980-726871EC7833}.Release|x64.Build.0 = Release|x64
		{D05D93DF-312D-4D4E-B980-726871EC7833}.Release|x86.ActiveCfg = Release|Any CPU
		{D05D93DF-312D-4D4E-B980-726871EC7833}.Release|x86.Build.0 = Release|Any CPU
		{FF35125F-29E7-4BA5-9F85-4CA57E17B794}.Debug|Any CPU.ActiveCfg = Debug|Any CPU
		{FF35125F-29E7-4BA5-9F85-4CA57E17B794}.Debug|Any CPU.Build.0 = Debug|Any CPU
		{FF35125F-29E7-4BA5-9F85-4CA57E17B794}.Debug|x64.ActiveCfg = Debug|x64
		{FF35125F-29E7-4BA5-9F85-4CA57E17B794}.Debug|x64.Build.0 = Debug|x64
		{FF35125F-29E7-4BA5-9F85-4CA57E17B794}.Debug|x86.ActiveCfg = Debug|Any CPU
		{FF35125F-29E7-4BA5-9F85-4CA57E17B794}.Debug|x86.Build.0 = Debug|Any CPU
		{FF35125F-29E7-4BA5-9F85-4CA57E17B794}.EasyTest|Any CPU.ActiveCfg = Release|Any CPU
		{FF35125F-29E7-4BA5-9F85-4CA57E17B794}.EasyTest|Any CPU.Build.0 = Release|Any CPU
		{FF35125F-29E7-4BA5-9F85-4CA57E17B794}.EasyTest|x64.ActiveCfg = Release|Any CPU
		{FF35125F-29E7-4BA5-9F85-4CA57E17B794}.EasyTest|x64.Build.0 = Release|Any CPU
		{FF35125F-29E7-4BA5-9F85-4CA57E17B794}.EasyTest|x86.ActiveCfg = Release|Any CPU
		{FF35125F-29E7-4BA5-9F85-4CA57E17B794}.EasyTest|x86.Build.0 = Release|Any CPU
		{FF35125F-29E7-4BA5-9F85-4CA57E17B794}.Release|Any CPU.ActiveCfg = Release|Any CPU
		{FF35125F-29E7-4BA5-9F85-4CA57E17B794}.Release|Any CPU.Build.0 = Release|Any CPU
		{FF35125F-29E7-4BA5-9F85-4CA57E17B794}.Release|x64.ActiveCfg = Release|x64
		{FF35125F-29E7-4BA5-9F85-4CA57E17B794}.Release|x64.Build.0 = Release|x64
		{FF35125F-29E7-4BA5-9F85-4CA57E17B794}.Release|x86.ActiveCfg = Release|Any CPU
		{FF35125F-29E7-4BA5-9F85-4CA57E17B794}.Release|x86.Build.0 = Release|Any CPU
		{F3CA07F8-CDC4-4C4D-93DA-E20A8E4F775C}.Debug|Any CPU.ActiveCfg = Debug|Any CPU
		{F3CA07F8-CDC4-4C4D-93DA-E20A8E4F775C}.Debug|Any CPU.Build.0 = Debug|Any CPU
		{F3CA07F8-CDC4-4C4D-93DA-E20A8E4F775C}.Debug|x64.ActiveCfg = Debug|x64
		{F3CA07F8-CDC4-4C4D-93DA-E20A8E4F775C}.Debug|x64.Build.0 = Debug|x64
		{F3CA07F8-CDC4-4C4D-93DA-E20A8E4F775C}.Debug|x86.ActiveCfg = Debug|Any CPU
		{F3CA07F8-CDC4-4C4D-93DA-E20A8E4F775C}.Debug|x86.Build.0 = Debug|Any CPU
		{F3CA07F8-CDC4-4C4D-93DA-E20A8E4F775C}.EasyTest|Any CPU.ActiveCfg = Release|Any CPU
		{F3CA07F8-CDC4-4C4D-93DA-E20A8E4F775C}.EasyTest|Any CPU.Build.0 = Release|Any CPU
		{F3CA07F8-CDC4-4C4D-93DA-E20A8E4F775C}.EasyTest|x64.ActiveCfg = Release|Any CPU
		{F3CA07F8-CDC4-4C4D-93DA-E20A8E4F775C}.EasyTest|x64.Build.0 = Release|Any CPU
		{F3CA07F8-CDC4-4C4D-93DA-E20A8E4F775C}.EasyTest|x86.ActiveCfg = Release|Any CPU
		{F3CA07F8-CDC4-4C4D-93DA-E20A8E4F775C}.EasyTest|x86.Build.0 = Release|Any CPU
		{F3CA07F8-CDC4-4C4D-93DA-E20A8E4F775C}.Release|Any CPU.ActiveCfg = Release|Any CPU
		{F3CA07F8-CDC4-4C4D-93DA-E20A8E4F775C}.Release|Any CPU.Build.0 = Release|Any CPU
		{F3CA07F8-CDC4-4C4D-93DA-E20A8E4F775C}.Release|x64.ActiveCfg = Release|Any CPU
		{F3CA07F8-CDC4-4C4D-93DA-E20A8E4F775C}.Release|x64.Build.0 = Release|Any CPU
		{F3CA07F8-CDC4-4C4D-93DA-E20A8E4F775C}.Release|x86.ActiveCfg = Release|Any CPU
		{F3CA07F8-CDC4-4C4D-93DA-E20A8E4F775C}.Release|x86.Build.0 = Release|Any CPU
		{54583451-483C-4FB5-8322-4C5573BE283C}.Debug|Any CPU.ActiveCfg = Debug|Any CPU
		{54583451-483C-4FB5-8322-4C5573BE283C}.Debug|Any CPU.Build.0 = Debug|Any CPU
		{54583451-483C-4FB5-8322-4C5573BE283C}.Debug|x64.ActiveCfg = Debug|Any CPU
		{54583451-483C-4FB5-8322-4C5573BE283C}.Debug|x64.Build.0 = Debug|Any CPU
		{54583451-483C-4FB5-8322-4C5573BE283C}.Debug|x86.ActiveCfg = Debug|Any CPU
		{54583451-483C-4FB5-8322-4C5573BE283C}.Debug|x86.Build.0 = Debug|Any CPU
		{54583451-483C-4FB5-8322-4C5573BE283C}.EasyTest|Any CPU.ActiveCfg = Debug|Any CPU
		{54583451-483C-4FB5-8322-4C5573BE283C}.EasyTest|Any CPU.Build.0 = Debug|Any CPU
		{54583451-483C-4FB5-8322-4C5573BE283C}.EasyTest|x64.ActiveCfg = Debug|Any CPU
		{54583451-483C-4FB5-8322-4C5573BE283C}.EasyTest|x64.Build.0 = Debug|Any CPU
		{54583451-483C-4FB5-8322-4C5573BE283C}.EasyTest|x86.ActiveCfg = Debug|Any CPU
		{54583451-483C-4FB5-8322-4C5573BE283C}.EasyTest|x86.Build.0 = Debug|Any CPU
		{54583451-483C-4FB5-8322-4C5573BE283C}.Release|Any CPU.ActiveCfg = Release|Any CPU
		{54583451-483C-4FB5-8322-4C5573BE283C}.Release|Any CPU.Build.0 = Release|Any CPU
		{54583451-483C-4FB5-8322-4C5573BE283C}.Release|x64.ActiveCfg = Release|Any CPU
		{54583451-483C-4FB5-8322-4C5573BE283C}.Release|x64.Build.0 = Release|Any CPU
		{54583451-483C-4FB5-8322-4C5573BE283C}.Release|x86.ActiveCfg = Release|Any CPU
		{54583451-483C-4FB5-8322-4C5573BE283C}.Release|x86.Build.0 = Release|Any CPU
		{EC27CC05-0E8E-46CA-9CE8-CD1B307D155B}.Debug|Any CPU.ActiveCfg = Debug|Any CPU
		{EC27CC05-0E8E-46CA-9CE8-CD1B307D155B}.Debug|Any CPU.Build.0 = Debug|Any CPU
		{EC27CC05-0E8E-46CA-9CE8-CD1B307D155B}.Debug|x64.ActiveCfg = Debug|Any CPU
		{EC27CC05-0E8E-46CA-9CE8-CD1B307D155B}.Debug|x64.Build.0 = Debug|Any CPU
		{EC27CC05-0E8E-46CA-9CE8-CD1B307D155B}.Debug|x86.ActiveCfg = Debug|Any CPU
		{EC27CC05-0E8E-46CA-9CE8-CD1B307D155B}.Debug|x86.Build.0 = Debug|Any CPU
		{EC27CC05-0E8E-46CA-9CE8-CD1B307D155B}.EasyTest|Any CPU.ActiveCfg = Debug|Any CPU
		{EC27CC05-0E8E-46CA-9CE8-CD1B307D155B}.EasyTest|Any CPU.Build.0 = Debug|Any CPU
		{EC27CC05-0E8E-46CA-9CE8-CD1B307D155B}.EasyTest|x64.ActiveCfg = Debug|Any CPU
		{EC27CC05-0E8E-46CA-9CE8-CD1B307D155B}.EasyTest|x64.Build.0 = Debug|Any CPU
		{EC27CC05-0E8E-46CA-9CE8-CD1B307D155B}.EasyTest|x86.ActiveCfg = Debug|Any CPU
		{EC27CC05-0E8E-46CA-9CE8-CD1B307D155B}.EasyTest|x86.Build.0 = Debug|Any CPU
		{EC27CC05-0E8E-46CA-9CE8-CD1B307D155B}.Release|Any CPU.ActiveCfg = Release|Any CPU
		{EC27CC05-0E8E-46CA-9CE8-CD1B307D155B}.Release|Any CPU.Build.0 = Release|Any CPU
		{EC27CC05-0E8E-46CA-9CE8-CD1B307D155B}.Release|x64.ActiveCfg = Release|Any CPU
		{EC27CC05-0E8E-46CA-9CE8-CD1B307D155B}.Release|x64.Build.0 = Release|Any CPU
		{EC27CC05-0E8E-46CA-9CE8-CD1B307D155B}.Release|x86.ActiveCfg = Release|Any CPU
		{EC27CC05-0E8E-46CA-9CE8-CD1B307D155B}.Release|x86.Build.0 = Release|Any CPU
		{308399C7-A6B8-4F10-BCB8-9F1BFA92A96D}.Debug|Any CPU.ActiveCfg = Debug|Any CPU
		{308399C7-A6B8-4F10-BCB8-9F1BFA92A96D}.Debug|Any CPU.Build.0 = Debug|Any CPU
		{308399C7-A6B8-4F10-BCB8-9F1BFA92A96D}.Debug|x64.ActiveCfg = Debug|Any CPU
		{308399C7-A6B8-4F10-BCB8-9F1BFA92A96D}.Debug|x64.Build.0 = Debug|Any CPU
		{308399C7-A6B8-4F10-BCB8-9F1BFA92A96D}.Debug|x86.ActiveCfg = Debug|Any CPU
		{308399C7-A6B8-4F10-BCB8-9F1BFA92A96D}.Debug|x86.Build.0 = Debug|Any CPU
		{308399C7-A6B8-4F10-BCB8-9F1BFA92A96D}.EasyTest|Any CPU.ActiveCfg = Debug|Any CPU
		{308399C7-A6B8-4F10-BCB8-9F1BFA92A96D}.EasyTest|Any CPU.Build.0 = Debug|Any CPU
		{308399C7-A6B8-4F10-BCB8-9F1BFA92A96D}.EasyTest|x64.ActiveCfg = Debug|Any CPU
		{308399C7-A6B8-4F10-BCB8-9F1BFA92A96D}.EasyTest|x64.Build.0 = Debug|Any CPU
		{308399C7-A6B8-4F10-BCB8-9F1BFA92A96D}.EasyTest|x86.ActiveCfg = Debug|Any CPU
		{308399C7-A6B8-4F10-BCB8-9F1BFA92A96D}.EasyTest|x86.Build.0 = Debug|Any CPU
		{308399C7-A6B8-4F10-BCB8-9F1BFA92A96D}.Release|Any CPU.ActiveCfg = Release|Any CPU
		{308399C7-A6B8-4F10-BCB8-9F1BFA92A96D}.Release|Any CPU.Build.0 = Release|Any CPU
		{308399C7-A6B8-4F10-BCB8-9F1BFA92A96D}.Release|x64.ActiveCfg = Release|Any CPU
		{308399C7-A6B8-4F10-BCB8-9F1BFA92A96D}.Release|x64.Build.0 = Release|Any CPU
		{308399C7-A6B8-4F10-BCB8-9F1BFA92A96D}.Release|x86.ActiveCfg = Release|Any CPU
		{308399C7-A6B8-4F10-BCB8-9F1BFA92A96D}.Release|x86.Build.0 = Release|Any CPU
		{8077DED7-38FD-4130-9885-53BCE86A7570}.Debug|Any CPU.ActiveCfg = Debug|Any CPU
		{8077DED7-38FD-4130-9885-53BCE86A7570}.Debug|Any CPU.Build.0 = Debug|Any CPU
		{8077DED7-38FD-4130-9885-53BCE86A7570}.Debug|x64.ActiveCfg = Debug|x64
		{8077DED7-38FD-4130-9885-53BCE86A7570}.Debug|x64.Build.0 = Debug|x64
		{8077DED7-38FD-4130-9885-53BCE86A7570}.Debug|x86.ActiveCfg = Debug|Any CPU
		{8077DED7-38FD-4130-9885-53BCE86A7570}.Debug|x86.Build.0 = Debug|Any CPU
		{8077DED7-38FD-4130-9885-53BCE86A7570}.EasyTest|Any CPU.ActiveCfg = Debug|Any CPU
		{8077DED7-38FD-4130-9885-53BCE86A7570}.EasyTest|Any CPU.Build.0 = Debug|Any CPU
		{8077DED7-38FD-4130-9885-53BCE86A7570}.EasyTest|x64.ActiveCfg = Debug|Any CPU
		{8077DED7-38FD-4130-9885-53BCE86A7570}.EasyTest|x64.Build.0 = Debug|Any CPU
		{8077DED7-38FD-4130-9885-53BCE86A7570}.EasyTest|x86.ActiveCfg = Debug|Any CPU
		{8077DED7-38FD-4130-9885-53BCE86A7570}.EasyTest|x86.Build.0 = Debug|Any CPU
		{8077DED7-38FD-4130-9885-53BCE86A7570}.Release|Any CPU.ActiveCfg = Release|Any CPU
		{8077DED7-38FD-4130-9885-53BCE86A7570}.Release|Any CPU.Build.0 = Release|Any CPU
		{8077DED7-38FD-4130-9885-53BCE86A7570}.Release|x64.ActiveCfg = Release|Any CPU
		{8077DED7-38FD-4130-9885-53BCE86A7570}.Release|x64.Build.0 = Release|Any CPU
		{8077DED7-38FD-4130-9885-53BCE86A7570}.Release|x86.ActiveCfg = Release|Any CPU
		{8077DED7-38FD-4130-9885-53BCE86A7570}.Release|x86.Build.0 = Release|Any CPU
		{29F42D21-0571-4325-9741-2526C1EE1DB8}.Debug|Any CPU.ActiveCfg = Debug|Any CPU
		{29F42D21-0571-4325-9741-2526C1EE1DB8}.Debug|Any CPU.Build.0 = Debug|Any CPU
		{29F42D21-0571-4325-9741-2526C1EE1DB8}.Debug|Any CPU.Deploy.0 = Debug|Any CPU
		{29F42D21-0571-4325-9741-2526C1EE1DB8}.Debug|x64.ActiveCfg = Debug|x64
		{29F42D21-0571-4325-9741-2526C1EE1DB8}.Debug|x64.Build.0 = Debug|x64
		{29F42D21-0571-4325-9741-2526C1EE1DB8}.Debug|x64.Deploy.0 = Debug|x64
		{29F42D21-0571-4325-9741-2526C1EE1DB8}.Debug|x86.ActiveCfg = Debug|x86
		{29F42D21-0571-4325-9741-2526C1EE1DB8}.Debug|x86.Build.0 = Debug|x86
		{29F42D21-0571-4325-9741-2526C1EE1DB8}.Debug|x86.Deploy.0 = Debug|x86
		{29F42D21-0571-4325-9741-2526C1EE1DB8}.EasyTest|Any CPU.ActiveCfg = Debug|Any CPU
		{29F42D21-0571-4325-9741-2526C1EE1DB8}.EasyTest|Any CPU.Build.0 = Debug|Any CPU
		{29F42D21-0571-4325-9741-2526C1EE1DB8}.EasyTest|Any CPU.Deploy.0 = Debug|Any CPU
		{29F42D21-0571-4325-9741-2526C1EE1DB8}.EasyTest|x64.ActiveCfg = Release|x64
		{29F42D21-0571-4325-9741-2526C1EE1DB8}.EasyTest|x64.Build.0 = Release|x64
		{29F42D21-0571-4325-9741-2526C1EE1DB8}.EasyTest|x64.Deploy.0 = Release|x64
		{29F42D21-0571-4325-9741-2526C1EE1DB8}.EasyTest|x86.ActiveCfg = Release|x86
		{29F42D21-0571-4325-9741-2526C1EE1DB8}.EasyTest|x86.Build.0 = Release|x86
		{29F42D21-0571-4325-9741-2526C1EE1DB8}.EasyTest|x86.Deploy.0 = Release|x86
		{29F42D21-0571-4325-9741-2526C1EE1DB8}.Release|Any CPU.ActiveCfg = Release|Any CPU
		{29F42D21-0571-4325-9741-2526C1EE1DB8}.Release|Any CPU.Build.0 = Release|Any CPU
		{29F42D21-0571-4325-9741-2526C1EE1DB8}.Release|Any CPU.Deploy.0 = Release|Any CPU
		{29F42D21-0571-4325-9741-2526C1EE1DB8}.Release|x64.ActiveCfg = Release|x64
		{29F42D21-0571-4325-9741-2526C1EE1DB8}.Release|x64.Build.0 = Release|x64
		{29F42D21-0571-4325-9741-2526C1EE1DB8}.Release|x64.Deploy.0 = Release|x64
		{29F42D21-0571-4325-9741-2526C1EE1DB8}.Release|x86.ActiveCfg = Release|x86
		{29F42D21-0571-4325-9741-2526C1EE1DB8}.Release|x86.Build.0 = Release|x86
		{29F42D21-0571-4325-9741-2526C1EE1DB8}.Release|x86.Deploy.0 = Release|x86
	EndGlobalSection
	GlobalSection(SolutionProperties) = preSolution
		HideSolutionNode = FALSE
	EndGlobalSection
	GlobalSection(NestedProjects) = preSolution
		{54583451-483C-4FB5-8322-4C5573BE283C} = {578CEBF9-9086-4674-BBE5-DB39C5300C6F}
		{EC27CC05-0E8E-46CA-9CE8-CD1B307D155B} = {578CEBF9-9086-4674-BBE5-DB39C5300C6F}
		{308399C7-A6B8-4F10-BCB8-9F1BFA92A96D} = {578CEBF9-9086-4674-BBE5-DB39C5300C6F}
		{8077DED7-38FD-4130-9885-53BCE86A7570} = {578CEBF9-9086-4674-BBE5-DB39C5300C6F}
	EndGlobalSection
	GlobalSection(ExtensibilityGlobals) = postSolution
		SolutionGuid = {FEB63461-E845-4286-B011-EC216821185D}
	EndGlobalSection
EndGlobal
