
Microsoft Visual Studio Solution File, Format Version 12.00
# Visual Studio 15
VisualStudioVersion = 15.0.28307.168
MinimumVisualStudioVersion = 10.0.40219.1
Project("{FAE04EC0-301F-11D3-BF4B-00C04F79EFBC}") = "SBD.GL.Module", "SBD.GL.Module\SBD.GL.Module.csproj", "{5F15837D-D1E5-44DC-92F0-4F2EBE9C3F8D}"
EndProject
Project("{FAE04EC0-301F-11D3-BF4B-00C04F79EFBC}") = "SBD.GL.Module.Win", "SBD.GL.Module.Win\SBD.GL.Module.Win.csproj", "{7964F87D-BC5D-4C4E-8B2F-71E89739AA97}"
EndProject
Project("{FAE04EC0-301F-11D3-BF4B-00C04F79EFBC}") = "SBD.GL.Win", "SBD.GL.Win\SBD.GL.Win.csproj", "{D05D93DF-312D-4D4E-B980-726871EC7833}"
EndProject
Project("{FAE04EC0-301F-11D3-BF4B-00C04F79EFBC}") = "SBD.GL.Module.Tests", "UnitTestProject1\SBD.GL.Module.Tests.csproj", "{FF35125F-29E7-4BA5-9F85-4CA57E17B794}"
EndProject
Project("{C7167F0D-BC9F-4E6E-AFE1-012C56B48DB5}") = "SBD.GL.Packages", "Win10Packages\SBD.GL.Packages.wapproj", "{84A4CA04-8C0A-4D0D-949F-2BE821AB9D6D}"
EndProject
Global
	GlobalSection(SolutionConfigurationPlatforms) = preSolution
		Debug|Any CPU = Debug|Any CPU
		Debug|x64 = Debug|x64
		Debug|x86 = Debug|x86
		EasyTest|Any CPU = EasyTest|Any CPU
		EasyTest|x64 = EasyTest|x64
		EasyTest|x86 = EasyTest|x86
		Release|Any CPU = Release|Any CPU
		Release|x64 = Release|x64
		Release|x86 = Release|x86
	EndGlobalSection
	GlobalSection(ProjectConfigurationPlatforms) = postSolution
		{5F15837D-D1E5-44DC-92F0-4F2EBE9C3F8D}.Debug|Any CPU.ActiveCfg = Debug|Any CPU
		{5F15837D-D1E5-44DC-92F0-4F2EBE9C3F8D}.Debug|Any CPU.Build.0 = Debug|Any CPU
		{5F15837D-D1E5-44DC-92F0-4F2EBE9C3F8D}.Debug|x64.ActiveCfg = Debug|x64
		{5F15837D-D1E5-44DC-92F0-4F2EBE9C3F8D}.Debug|x64.Build.0 = Debug|x64
		{5F15837D-D1E5-44DC-92F0-4F2EBE9C3F8D}.Debug|x86.ActiveCfg = Debug|Any CPU
		{5F15837D-D1E5-44DC-92F0-4F2EBE9C3F8D}.Debug|x86.Build.0 = Debug|Any CPU
		{5F15837D-D1E5-44DC-92F0-4F2EBE9C3F8D}.EasyTest|Any CPU.ActiveCfg = EasyTest|Any CPU
		{5F15837D-D1E5-44DC-92F0-4F2EBE9C3F8D}.EasyTest|Any CPU.Build.0 = EasyTest|Any CPU
		{5F15837D-D1E5-44DC-92F0-4F2EBE9C3F8D}.EasyTest|x64.ActiveCfg = EasyTest|Any CPU
		{5F15837D-D1E5-44DC-92F0-4F2EBE9C3F8D}.EasyTest|x64.Build.0 = EasyTest|Any CPU
		{5F15837D-D1E5-44DC-92F0-4F2EBE9C3F8D}.EasyTest|x86.ActiveCfg = EasyTest|Any CPU
		{5F15837D-D1E5-44DC-92F0-4F2EBE9C3F8D}.EasyTest|x86.Build.0 = EasyTest|Any CPU
		{5F15837D-D1E5-44DC-92F0-4F2EBE9C3F8D}.Release|Any CPU.ActiveCfg = Release|Any CPU
		{5F15837D-D1E5-44DC-92F0-4F2EBE9C3F8D}.Release|Any CPU.Build.0 = Release|Any CPU
		{5F15837D-D1E5-44DC-92F0-4F2EBE9C3F8D}.Release|x64.ActiveCfg = Release|x64
		{5F15837D-D1E5-44DC-92F0-4F2EBE9C3F8D}.Release|x64.Build.0 = Release|x64
		{5F15837D-D1E5-44DC-92F0-4F2EBE9C3F8D}.Release|x86.ActiveCfg = Release|Any CPU
		{5F15837D-D1E5-44DC-92F0-4F2EBE9C3F8D}.Release|x86.Build.0 = Release|Any CPU
		{7964F87D-BC5D-4C4E-8B2F-71E89739AA97}.Debug|Any CPU.ActiveCfg = Debug|Any CPU
		{7964F87D-BC5D-4C4E-8B2F-71E89739AA97}.Debug|Any CPU.Build.0 = Debug|Any CPU
		{7964F87D-BC5D-4C4E-8B2F-71E89739AA97}.Debug|x64.ActiveCfg = Debug|x64
		{7964F87D-BC5D-4C4E-8B2F-71E89739AA97}.Debug|x64.Build.0 = Debug|x64
		{7964F87D-BC5D-4C4E-8B2F-71E89739AA97}.Debug|x86.ActiveCfg = Debug|Any CPU
		{7964F87D-BC5D-4C4E-8B2F-71E89739AA97}.Debug|x86.Build.0 = Debug|Any CPU
		{7964F87D-BC5D-4C4E-8B2F-71E89739AA97}.EasyTest|Any CPU.ActiveCfg = EasyTest|Any CPU
		{7964F87D-BC5D-4C4E-8B2F-71E89739AA97}.EasyTest|Any CPU.Build.0 = EasyTest|Any CPU
		{7964F87D-BC5D-4C4E-8B2F-71E89739AA97}.EasyTest|x64.ActiveCfg = EasyTest|Any CPU
		{7964F87D-BC5D-4C4E-8B2F-71E89739AA97}.EasyTest|x64.Build.0 = EasyTest|Any CPU
		{7964F87D-BC5D-4C4E-8B2F-71E89739AA97}.EasyTest|x86.ActiveCfg = EasyTest|Any CPU
		{7964F87D-BC5D-4C4E-8B2F-71E89739AA97}.EasyTest|x86.Build.0 = EasyTest|Any CPU
		{7964F87D-BC5D-4C4E-8B2F-71E89739AA97}.Release|Any CPU.ActiveCfg = Release|Any CPU
		{7964F87D-BC5D-4C4E-8B2F-71E89739AA97}.Release|Any CPU.Build.0 = Release|Any CPU
		{7964F87D-BC5D-4C4E-8B2F-71E89739AA97}.Release|x64.ActiveCfg = Release|x64
		{7964F87D-BC5D-4C4E-8B2F-71E89739AA97}.Release|x64.Build.0 = Release|x64
		{7964F87D-BC5D-4C4E-8B2F-71E89739AA97}.Release|x86.ActiveCfg = Release|Any CPU
		{7964F87D-BC5D-4C4E-8B2F-71E89739AA97}.Release|x86.Build.0 = Release|Any CPU
		{D05D93DF-312D-4D4E-B980-726871EC7833}.Debug|Any CPU.ActiveCfg = Debug|Any CPU
		{D05D93DF-312D-4D4E-B980-726871EC7833}.Debug|Any CPU.Build.0 = Debug|Any CPU
		{D05D93DF-312D-4D4E-B980-726871EC7833}.Debug|x64.ActiveCfg = Debug|x64
		{D05D93DF-312D-4D4E-B980-726871EC7833}.Debug|x64.Build.0 = Debug|x64
		{D05D93DF-312D-4D4E-B980-726871EC7833}.Debug|x86.ActiveCfg = Debug|Any CPU
		{D05D93DF-312D-4D4E-B980-726871EC7833}.Debug|x86.Build.0 = Debug|Any CPU
		{D05D93DF-312D-4D4E-B980-726871EC7833}.EasyTest|Any CPU.ActiveCfg = EasyTest|Any CPU
		{D05D93DF-312D-4D4E-B980-726871EC7833}.EasyTest|Any CPU.Build.0 = EasyTest|Any CPU
		{D05D93DF-312D-4D4E-B980-726871EC7833}.EasyTest|x64.ActiveCfg = EasyTest|Any CPU
		{D05D93DF-312D-4D4E-B980-726871EC7833}.EasyTest|x64.Build.0 = EasyTest|Any CPU
		{D05D93DF-312D-4D4E-B980-726871EC7833}.EasyTest|x86.ActiveCfg = EasyTest|Any CPU
		{D05D93DF-312D-4D4E-B980-726871EC7833}.EasyTest|x86.Build.0 = EasyTest|Any CPU
		{D05D93DF-312D-4D4E-B980-726871EC7833}.Release|Any CPU.ActiveCfg = Release|Any CPU
		{D05D93DF-312D-4D4E-B980-726871EC7833}.Release|Any CPU.Build.0 = Release|Any CPU
		{D05D93DF-312D-4D4E-B980-726871EC7833}.Release|x64.ActiveCfg = Release|x64
		{D05D93DF-312D-4D4E-B980-726871EC7833}.Release|x64.Build.0 = Release|x64
		{D05D93DF-312D-4D4E-B980-726871EC7833}.Release|x86.ActiveCfg = Release|Any CPU
		{D05D93DF-312D-4D4E-B980-726871EC7833}.Release|x86.Build.0 = Release|Any CPU
		{FF35125F-29E7-4BA5-9F85-4CA57E17B794}.Debug|Any CPU.ActiveCfg = Debug|Any CPU
		{FF35125F-29E7-4BA5-9F85-4CA57E17B794}.Debug|Any CPU.Build.0 = Debug|Any CPU
		{FF35125F-29E7-4BA5-9F85-4CA57E17B794}.Debug|x64.ActiveCfg = Debug|x64
		{FF35125F-29E7-4BA5-9F85-4CA57E17B794}.Debug|x64.Build.0 = Debug|x64
		{FF35125F-29E7-4BA5-9F85-4CA57E17B794}.Debug|x86.ActiveCfg = Debug|Any CPU
		{FF35125F-29E7-4BA5-9F85-4CA57E17B794}.Debug|x86.Build.0 = Debug|Any CPU
		{FF35125F-29E7-4BA5-9F85-4CA57E17B794}.EasyTest|Any CPU.ActiveCfg = Release|Any CPU
		{FF35125F-29E7-4BA5-9F85-4CA57E17B794}.EasyTest|Any CPU.Build.0 = Release|Any CPU
		{FF35125F-29E7-4BA5-9F85-4CA57E17B794}.EasyTest|x64.ActiveCfg = Release|Any CPU
		{FF35125F-29E7-4BA5-9F85-4CA57E17B794}.EasyTest|x64.Build.0 = Release|Any CPU
		{FF35125F-29E7-4BA5-9F85-4CA57E17B794}.EasyTest|x86.ActiveCfg = Release|Any CPU
		{FF35125F-29E7-4BA5-9F85-4CA57E17B794}.EasyTest|x86.Build.0 = Release|Any CPU
		{FF35125F-29E7-4BA5-9F85-4CA57E17B794}.Release|Any CPU.ActiveCfg = Release|Any CPU
		{FF35125F-29E7-4BA5-9F85-4CA57E17B794}.Release|Any CPU.Build.0 = Release|Any CPU
		{FF35125F-29E7-4BA5-9F85-4CA57E17B794}.Release|x64.ActiveCfg = Release|x64
		{FF35125F-29E7-4BA5-9F85-4CA57E17B794}.Release|x64.Build.0 = Release|x64
		{FF35125F-29E7-4BA5-9F85-4CA57E17B794}.Release|x86.ActiveCfg = Release|Any CPU
		{FF35125F-29E7-4BA5-9F85-4CA57E17B794}.Release|x86.Build.0 = Release|Any CPU
		{84A4CA04-8C0A-4D0D-949F-2BE821AB9D6D}.Debug|Any CPU.ActiveCfg = Debug|Any CPU
		{84A4CA04-8C0A-4D0D-949F-2BE821AB9D6D}.Debug|Any CPU.Build.0 = Debug|Any CPU
		{84A4CA04-8C0A-4D0D-949F-2BE821AB9D6D}.Debug|Any CPU.Deploy.0 = Debug|Any CPU
		{84A4CA04-8C0A-4D0D-949F-2BE821AB9D6D}.Debug|x64.ActiveCfg = Debug|x64
		{84A4CA04-8C0A-4D0D-949F-2BE821AB9D6D}.Debug|x64.Build.0 = Debug|x64
		{84A4CA04-8C0A-4D0D-949F-2BE821AB9D6D}.Debug|x64.Deploy.0 = Debug|x64
		{84A4CA04-8C0A-4D0D-949F-2BE821AB9D6D}.Debug|x86.ActiveCfg = Debug|x86
		{84A4CA04-8C0A-4D0D-949F-2BE821AB9D6D}.Debug|x86.Build.0 = Debug|x86
		{84A4CA04-8C0A-4D0D-949F-2BE821AB9D6D}.Debug|x86.Deploy.0 = Debug|x86
		{84A4CA04-8C0A-4D0D-949F-2BE821AB9D6D}.EasyTest|Any CPU.ActiveCfg = Debug|Any CPU
		{84A4CA04-8C0A-4D0D-949F-2BE821AB9D6D}.EasyTest|Any CPU.Build.0 = Debug|Any CPU
		{84A4CA04-8C0A-4D0D-949F-2BE821AB9D6D}.EasyTest|Any CPU.Deploy.0 = Debug|Any CPU
		{84A4CA04-8C0A-4D0D-949F-2BE821AB9D6D}.EasyTest|x64.ActiveCfg = Release|x64
		{84A4CA04-8C0A-4D0D-949F-2BE821AB9D6D}.EasyTest|x64.Build.0 = Release|x64
		{84A4CA04-8C0A-4D0D-949F-2BE821AB9D6D}.EasyTest|x64.Deploy.0 = Release|x64
		{84A4CA04-8C0A-4D0D-949F-2BE821AB9D6D}.EasyTest|x86.ActiveCfg = Release|x86
		{84A4CA04-8C0A-4D0D-949F-2BE821AB9D6D}.EasyTest|x86.Build.0 = Release|x86
		{84A4CA04-8C0A-4D0D-949F-2BE821AB9D6D}.EasyTest|x86.Deploy.0 = Release|x86
		{84A4CA04-8C0A-4D0D-949F-2BE821AB9D6D}.Release|Any CPU.ActiveCfg = Release|Any CPU
		{84A4CA04-8C0A-4D0D-949F-2BE821AB9D6D}.Release|Any CPU.Build.0 = Release|Any CPU
		{84A4CA04-8C0A-4D0D-949F-2BE821AB9D6D}.Release|Any CPU.Deploy.0 = Release|Any CPU
		{84A4CA04-8C0A-4D0D-949F-2BE821AB9D6D}.Release|x64.ActiveCfg = Release|x64
		{84A4CA04-8C0A-4D0D-949F-2BE821AB9D6D}.Release|x64.Build.0 = Release|x64
		{84A4CA04-8C0A-4D0D-949F-2BE821AB9D6D}.Release|x64.Deploy.0 = Release|x64
		{84A4CA04-8C0A-4D0D-949F-2BE821AB9D6D}.Release|x86.ActiveCfg = Release|x86
		{84A4CA04-8C0A-4D0D-949F-2BE821AB9D6D}.Release|x86.Build.0 = Release|x86
		{84A4CA04-8C0A-4D0D-949F-2BE821AB9D6D}.Release|x86.Deploy.0 = Release|x86
	EndGlobalSection
	GlobalSection(SolutionProperties) = preSolution
		HideSolutionNode = FALSE
	EndGlobalSection
	GlobalSection(ExtensibilityGlobals) = postSolution
		SolutionGuid = {FEB63461-E845-4286-B011-EC216821185D}
	EndGlobalSection
EndGlobal
